
Microsoft Visual Studio Solution File, Format Version 12.00
# Visual Studio Version 16
VisualStudioVersion = 16.0.30523.141
MinimumVisualStudioVersion = 10.0.40219.1
Project("{9A19103F-16F7-4668-BE54-9A1E7A4F7556}") = "InterstarCore", "InterstarCore\InterstarCore.csproj", "{4E44E833-70E3-4E6E-BB9D-D58746A57E65}"
EndProject
Project("{FAE04EC0-301F-11D3-BF4B-00C04F79EFBC}") = "InterstarCLI", "InterstarCLI\InterstarCLI.csproj", "{016C59EB-4ECD-4B70-B749-571D1F527FA7}"
EndProject
Global
	GlobalSection(SolutionConfigurationPlatforms) = preSolution
		Debug|Any CPU = Debug|Any CPU
		Release|Any CPU = Release|Any CPU
	EndGlobalSection
	GlobalSection(ProjectConfigurationPlatforms) = postSolution
		{4E44E833-70E3-4E6E-BB9D-D58746A57E65}.Debug|Any CPU.ActiveCfg = Debug|Any CPU
		{4E44E833-70E3-4E6E-BB9D-D58746A57E65}.Debug|Any CPU.Build.0 = Debug|Any CPU
		{4E44E833-70E3-4E6E-BB9D-D58746A57E65}.Release|Any CPU.ActiveCfg = Release|Any CPU
		{4E44E833-70E3-4E6E-BB9D-D58746A57E65}.Release|Any CPU.Build.0 = Release|Any CPU
		{016C59EB-4ECD-4B70-B749-571D1F527FA7}.Debug|Any CPU.ActiveCfg = Debug|Any CPU
		{016C59EB-4ECD-4B70-B749-571D1F527FA7}.Debug|Any CPU.Build.0 = Debug|Any CPU
		{016C59EB-4ECD-4B70-B749-571D1F527FA7}.Release|Any CPU.ActiveCfg = Release|Any CPU
		{016C59EB-4ECD-4B70-B749-571D1F527FA7}.Release|Any CPU.Build.0 = Release|Any CPU
	EndGlobalSection
	GlobalSection(SolutionProperties) = preSolution
		HideSolutionNode = FALSE
	EndGlobalSection
	GlobalSection(ExtensibilityGlobals) = postSolution
		SolutionGuid = {74020926-E744-47D9-A6F8-9D0DF981D48D}
	EndGlobalSection
EndGlobal
