
Microsoft Visual Studio Solution File, Format Version 12.00
Project("{FAE04EC0-301F-11D3-BF4B-00C04F79EFBC}") = "InterstarObfuscator", "InterstarObfuscator\InterstarObfuscator.csproj", "{65AB744F-7FDB-41B1-96BD-E81CE10F91AF}"
EndProject
Project("{FAE04EC0-301F-11D3-BF4B-00C04F79EFBC}") = "FutureFunctions", "FutureFunctions\FutureFunctions.csproj", "{7C925F8C-A036-4CE4-92B4-83E46D06933A}"
EndProject
Global
	GlobalSection(SolutionConfigurationPlatforms) = preSolution
		Debug|Any CPU = Debug|Any CPU
		Release|Any CPU = Release|Any CPU
	EndGlobalSection
	GlobalSection(ProjectConfigurationPlatforms) = postSolution
		{65AB744F-7FDB-41B1-96BD-E81CE10F91AF}.Debug|Any CPU.ActiveCfg = Debug|Any CPU
		{65AB744F-7FDB-41B1-96BD-E81CE10F91AF}.Debug|Any CPU.Build.0 = Debug|Any CPU
		{65AB744F-7FDB-41B1-96BD-E81CE10F91AF}.Release|Any CPU.ActiveCfg = Release|Any CPU
		{65AB744F-7FDB-41B1-96BD-E81CE10F91AF}.Release|Any CPU.Build.0 = Release|Any CPU
		{7C925F8C-A036-4CE4-92B4-83E46D06933A}.Debug|Any CPU.ActiveCfg = Debug|Any CPU
		{7C925F8C-A036-4CE4-92B4-83E46D06933A}.Debug|Any CPU.Build.0 = Debug|Any CPU
		{7C925F8C-A036-4CE4-92B4-83E46D06933A}.Release|Any CPU.ActiveCfg = Release|Any CPU
		{7C925F8C-A036-4CE4-92B4-83E46D06933A}.Release|Any CPU.Build.0 = Release|Any CPU
	EndGlobalSection
EndGlobal
